
Microsoft Visual Studio Solution File, Format Version 12.00
# Visual Studio Version 17
VisualStudioVersion = 17.0.31903.59
MinimumVisualStudioVersion = 10.0.40219.1
Project("{2150E333-8FDC-42A3-9474-1A3956D46DE8}") = "Core", "Core", "{BB2C809D-E47C-41B8-B3F0-131C84A0A3D1}"
EndProject
Project("{2150E333-8FDC-42A3-9474-1A3956D46DE8}") = "Infrastructure", "Infrastructure", "{B26E9100-4877-4B45-951C-45832E3E0C10}"
EndProject
Project("{2150E333-8FDC-42A3-9474-1A3956D46DE8}") = "Presentation", "Presentation", "{75AC686D-1B22-4548-83AA-AC9D05E5A0F3}"
EndProject
Project("{2150E333-8FDC-42A3-9474-1A3956D46DE8}") = "Tests", "Tests", "{69A9419D-CA44-46EC-A423-4F37F0C2DA02}"
EndProject
Project("{2150E333-8FDC-42A3-9474-1A3956D46DE8}") = "SaleSite", "SaleSite", "{4E2480AD-A85E-429F-A0D1-7EB7DDA9F51C}"
EndProject
Project("{9A19103F-16F7-4668-BE54-9A1E7A4F7556}") = "API", "Presentation\SaleSite\API\API.csproj", "{2B6E045D-89A3-4FD4-8AD8-F2BB63934AD0}"
EndProject
Project("{2150E333-8FDC-42A3-9474-1A3956D46DE8}") = "MainDll", "MainDll", "{5B3FBDEF-DA2E-4D62-B678-E76183F20EBF}"
EndProject
Project("{9A19103F-16F7-4668-BE54-9A1E7A4F7556}") = "Common", "Core\Common\Common.csproj", "{97B4CE75-F4A7-4629-8962-D10DBB976A53}"
EndProject
Project("{9A19103F-16F7-4668-BE54-9A1E7A4F7556}") = "Application", "Core\Application\Application.csproj", "{E4B0A6D3-925A-436A-B1DA-5F2BF4A21787}"
EndProject
Project("{9A19103F-16F7-4668-BE54-9A1E7A4F7556}") = "Domain", "Core\Domain\Domain.csproj", "{FF7462A0-7167-48B7-8149-5F506AFBDA48}"
EndProject
Project("{9A19103F-16F7-4668-BE54-9A1E7A4F7556}") = "Infrastructure", "Infrastructure\Infrastructure\Infrastructure.csproj", "{C83E462A-BCDE-44BE-B931-4DCD548E2C6B}"
EndProject
Project("{9A19103F-16F7-4668-BE54-9A1E7A4F7556}") = "Persistence", "Infrastructure\Persistence\Persistence.csproj", "{1EE28F54-1D4F-4C08-AF2C-E092E2FB0A9F}"
EndProject
Project("{2150E333-8FDC-42A3-9474-1A3956D46DE8}") = "Solution Items", "Solution Items", "{54D47F1B-C58F-4256-887C-3E2A263EC35B}"
	ProjectSection(SolutionItems) = preProject
		.editorconfig = .editorconfig
	EndProjectSection
EndProject
Project("{2150E333-8FDC-42A3-9474-1A3956D46DE8}") = "Core.Test", "Core.Test", "{80EAF518-407F-461D-A781-298A722AED54}"
EndProject
Project("{9A19103F-16F7-4668-BE54-9A1E7A4F7556}") = "Application.Test", "Tests\Core.Test\Application.Test\Application.Test.csproj", "{A01E22FB-E65A-47A8-9C42-CF813C7FFEBE}"
EndProject
Project("{9A19103F-16F7-4668-BE54-9A1E7A4F7556}") = "Common.Test", "Tests\Core.Test\Common.Test\Common.Test.csproj", "{017C21F9-D124-4BBD-8AC5-A560122866CF}"
EndProject
Project("{9A19103F-16F7-4668-BE54-9A1E7A4F7556}") = "Domain.Test", "Tests\Core.Test\Domain.Test\Domain.Test.csproj", "{4C153875-406D-4BF9-B13D-0CDC4837242F}"
EndProject
Project("{2150E333-8FDC-42A3-9474-1A3956D46DE8}") = "Infrastructure.Test", "Infrastructure.Test", "{DF988F36-FC54-4327-B531-CC07B6D96173}"
EndProject
Project("{9A19103F-16F7-4668-BE54-9A1E7A4F7556}") = "Infrastructure.Test", "Tests\Infrastructure.Test\Infrastructure.Test\Infrastructure.Test.csproj", "{4E484276-7F1B-46CA-B5E2-6DAFA5C8F3F3}"
EndProject
Project("{9A19103F-16F7-4668-BE54-9A1E7A4F7556}") = "Persistence.Test", "Tests\Infrastructure.Test\Persistence.Test\Persistence.Test.csproj", "{3FF74047-B77E-418D-A983-C1D8A9BD4F16}"
EndProject
Project("{2150E333-8FDC-42A3-9474-1A3956D46DE8}") = "Tests", "Tests", "{9CE0FD59-06AA-482F-BC63-97FB17051C73}"
EndProject
Project("{9A19103F-16F7-4668-BE54-9A1E7A4F7556}") = "API.Test", "Presentation\SaleSite\Tests\API.Test\API.Test.csproj", "{4F9CAA77-DD23-468C-9B87-8559B64EE6EE}"
EndProject
Project("{9A19103F-16F7-4668-BE54-9A1E7A4F7556}") = "BlazorUI", "Presentation\SaleSite\BlazorUI\BlazorUI.csproj", "{65101B7E-78E8-452E-A83E-DA69AA0BD361}"
EndProject
Global
	GlobalSection(SolutionConfigurationPlatforms) = preSolution
		Debug|Any CPU = Debug|Any CPU
		Release|Any CPU = Release|Any CPU
	EndGlobalSection
	GlobalSection(ProjectConfigurationPlatforms) = postSolution
		{2B6E045D-89A3-4FD4-8AD8-F2BB63934AD0}.Debug|Any CPU.ActiveCfg = Debug|Any CPU
		{2B6E045D-89A3-4FD4-8AD8-F2BB63934AD0}.Debug|Any CPU.Build.0 = Debug|Any CPU
		{2B6E045D-89A3-4FD4-8AD8-F2BB63934AD0}.Release|Any CPU.ActiveCfg = Release|Any CPU
		{2B6E045D-89A3-4FD4-8AD8-F2BB63934AD0}.Release|Any CPU.Build.0 = Release|Any CPU
		{97B4CE75-F4A7-4629-8962-D10DBB976A53}.Debug|Any CPU.ActiveCfg = Debug|Any CPU
		{97B4CE75-F4A7-4629-8962-D10DBB976A53}.Debug|Any CPU.Build.0 = Debug|Any CPU
		{97B4CE75-F4A7-4629-8962-D10DBB976A53}.Release|Any CPU.ActiveCfg = Release|Any CPU
		{97B4CE75-F4A7-4629-8962-D10DBB976A53}.Release|Any CPU.Build.0 = Release|Any CPU
		{E4B0A6D3-925A-436A-B1DA-5F2BF4A21787}.Debug|Any CPU.ActiveCfg = Debug|Any CPU
		{E4B0A6D3-925A-436A-B1DA-5F2BF4A21787}.Debug|Any CPU.Build.0 = Debug|Any CPU
		{E4B0A6D3-925A-436A-B1DA-5F2BF4A21787}.Release|Any CPU.ActiveCfg = Release|Any CPU
		{E4B0A6D3-925A-436A-B1DA-5F2BF4A21787}.Release|Any CPU.Build.0 = Release|Any CPU
		{FF7462A0-7167-48B7-8149-5F506AFBDA48}.Debug|Any CPU.ActiveCfg = Debug|Any CPU
		{FF7462A0-7167-48B7-8149-5F506AFBDA48}.Debug|Any CPU.Build.0 = Debug|Any CPU
		{FF7462A0-7167-48B7-8149-5F506AFBDA48}.Release|Any CPU.ActiveCfg = Release|Any CPU
		{FF7462A0-7167-48B7-8149-5F506AFBDA48}.Release|Any CPU.Build.0 = Release|Any CPU
		{C83E462A-BCDE-44BE-B931-4DCD548E2C6B}.Debug|Any CPU.ActiveCfg = Debug|Any CPU
		{C83E462A-BCDE-44BE-B931-4DCD548E2C6B}.Debug|Any CPU.Build.0 = Debug|Any CPU
		{C83E462A-BCDE-44BE-B931-4DCD548E2C6B}.Release|Any CPU.ActiveCfg = Release|Any CPU
		{C83E462A-BCDE-44BE-B931-4DCD548E2C6B}.Release|Any CPU.Build.0 = Release|Any CPU
		{1EE28F54-1D4F-4C08-AF2C-E092E2FB0A9F}.Debug|Any CPU.ActiveCfg = Debug|Any CPU
		{1EE28F54-1D4F-4C08-AF2C-E092E2FB0A9F}.Debug|Any CPU.Build.0 = Debug|Any CPU
		{1EE28F54-1D4F-4C08-AF2C-E092E2FB0A9F}.Release|Any CPU.ActiveCfg = Release|Any CPU
		{1EE28F54-1D4F-4C08-AF2C-E092E2FB0A9F}.Release|Any CPU.Build.0 = Release|Any CPU
		{A01E22FB-E65A-47A8-9C42-CF813C7FFEBE}.Debug|Any CPU.ActiveCfg = Debug|Any CPU
		{A01E22FB-E65A-47A8-9C42-CF813C7FFEBE}.Debug|Any CPU.Build.0 = Debug|Any CPU
		{A01E22FB-E65A-47A8-9C42-CF813C7FFEBE}.Release|Any CPU.ActiveCfg = Release|Any CPU
		{A01E22FB-E65A-47A8-9C42-CF813C7FFEBE}.Release|Any CPU.Build.0 = Release|Any CPU
		{017C21F9-D124-4BBD-8AC5-A560122866CF}.Debug|Any CPU.ActiveCfg = Debug|Any CPU
		{017C21F9-D124-4BBD-8AC5-A560122866CF}.Debug|Any CPU.Build.0 = Debug|Any CPU
		{017C21F9-D124-4BBD-8AC5-A560122866CF}.Release|Any CPU.ActiveCfg = Release|Any CPU
		{017C21F9-D124-4BBD-8AC5-A560122866CF}.Release|Any CPU.Build.0 = Release|Any CPU
		{4C153875-406D-4BF9-B13D-0CDC4837242F}.Debug|Any CPU.ActiveCfg = Debug|Any CPU
		{4C153875-406D-4BF9-B13D-0CDC4837242F}.Debug|Any CPU.Build.0 = Debug|Any CPU
		{4C153875-406D-4BF9-B13D-0CDC4837242F}.Release|Any CPU.ActiveCfg = Release|Any CPU
		{4C153875-406D-4BF9-B13D-0CDC4837242F}.Release|Any CPU.Build.0 = Release|Any CPU
		{4E484276-7F1B-46CA-B5E2-6DAFA5C8F3F3}.Debug|Any CPU.ActiveCfg = Debug|Any CPU
		{4E484276-7F1B-46CA-B5E2-6DAFA5C8F3F3}.Debug|Any CPU.Build.0 = Debug|Any CPU
		{4E484276-7F1B-46CA-B5E2-6DAFA5C8F3F3}.Release|Any CPU.ActiveCfg = Release|Any CPU
		{4E484276-7F1B-46CA-B5E2-6DAFA5C8F3F3}.Release|Any CPU.Build.0 = Release|Any CPU
		{3FF74047-B77E-418D-A983-C1D8A9BD4F16}.Debug|Any CPU.ActiveCfg = Debug|Any CPU
		{3FF74047-B77E-418D-A983-C1D8A9BD4F16}.Debug|Any CPU.Build.0 = Debug|Any CPU
		{3FF74047-B77E-418D-A983-C1D8A9BD4F16}.Release|Any CPU.ActiveCfg = Release|Any CPU
		{3FF74047-B77E-418D-A983-C1D8A9BD4F16}.Release|Any CPU.Build.0 = Release|Any CPU
		{4F9CAA77-DD23-468C-9B87-8559B64EE6EE}.Debug|Any CPU.ActiveCfg = Debug|Any CPU
		{4F9CAA77-DD23-468C-9B87-8559B64EE6EE}.Debug|Any CPU.Build.0 = Debug|Any CPU
		{4F9CAA77-DD23-468C-9B87-8559B64EE6EE}.Release|Any CPU.ActiveCfg = Release|Any CPU
		{4F9CAA77-DD23-468C-9B87-8559B64EE6EE}.Release|Any CPU.Build.0 = Release|Any CPU
		{65101B7E-78E8-452E-A83E-DA69AA0BD361}.Debug|Any CPU.ActiveCfg = Debug|Any CPU
		{65101B7E-78E8-452E-A83E-DA69AA0BD361}.Debug|Any CPU.Build.0 = Debug|Any CPU
		{65101B7E-78E8-452E-A83E-DA69AA0BD361}.Release|Any CPU.ActiveCfg = Release|Any CPU
		{65101B7E-78E8-452E-A83E-DA69AA0BD361}.Release|Any CPU.Build.0 = Release|Any CPU
	EndGlobalSection
	GlobalSection(SolutionProperties) = preSolution
		HideSolutionNode = FALSE
	EndGlobalSection
	GlobalSection(NestedProjects) = preSolution
		{4E2480AD-A85E-429F-A0D1-7EB7DDA9F51C} = {75AC686D-1B22-4548-83AA-AC9D05E5A0F3}
		{2B6E045D-89A3-4FD4-8AD8-F2BB63934AD0} = {4E2480AD-A85E-429F-A0D1-7EB7DDA9F51C}
		{5B3FBDEF-DA2E-4D62-B678-E76183F20EBF} = {4E2480AD-A85E-429F-A0D1-7EB7DDA9F51C}
		{97B4CE75-F4A7-4629-8962-D10DBB976A53} = {BB2C809D-E47C-41B8-B3F0-131C84A0A3D1}
		{E4B0A6D3-925A-436A-B1DA-5F2BF4A21787} = {BB2C809D-E47C-41B8-B3F0-131C84A0A3D1}
		{FF7462A0-7167-48B7-8149-5F506AFBDA48} = {BB2C809D-E47C-41B8-B3F0-131C84A0A3D1}
		{C83E462A-BCDE-44BE-B931-4DCD548E2C6B} = {B26E9100-4877-4B45-951C-45832E3E0C10}
		{1EE28F54-1D4F-4C08-AF2C-E092E2FB0A9F} = {B26E9100-4877-4B45-951C-45832E3E0C10}
		{80EAF518-407F-461D-A781-298A722AED54} = {69A9419D-CA44-46EC-A423-4F37F0C2DA02}
		{A01E22FB-E65A-47A8-9C42-CF813C7FFEBE} = {80EAF518-407F-461D-A781-298A722AED54}
		{017C21F9-D124-4BBD-8AC5-A560122866CF} = {80EAF518-407F-461D-A781-298A722AED54}
		{4C153875-406D-4BF9-B13D-0CDC4837242F} = {80EAF518-407F-461D-A781-298A722AED54}
		{DF988F36-FC54-4327-B531-CC07B6D96173} = {69A9419D-CA44-46EC-A423-4F37F0C2DA02}
		{4E484276-7F1B-46CA-B5E2-6DAFA5C8F3F3} = {DF988F36-FC54-4327-B531-CC07B6D96173}
		{3FF74047-B77E-418D-A983-C1D8A9BD4F16} = {DF988F36-FC54-4327-B531-CC07B6D96173}
		{9CE0FD59-06AA-482F-BC63-97FB17051C73} = {4E2480AD-A85E-429F-A0D1-7EB7DDA9F51C}
		{4F9CAA77-DD23-468C-9B87-8559B64EE6EE} = {9CE0FD59-06AA-482F-BC63-97FB17051C73}
		{65101B7E-78E8-452E-A83E-DA69AA0BD361} = {4E2480AD-A85E-429F-A0D1-7EB7DDA9F51C}
	EndGlobalSection
	GlobalSection(ExtensibilityGlobals) = postSolution
		SolutionGuid = {04B921B6-DF06-4872-BF7E-9E4538DDC931}
	EndGlobalSection
EndGlobal
